
Microsoft Visual Studio Solution File, Format Version 11.00
# Visual Studio 2010
Project("{FAE04EC0-301F-11D3-BF4B-00C04F79EFBC}") = "PeerEyesLibrary", "PeerEyesLibrary\PeerEyesLibrary.csproj", "{76EAF71C-25D2-4A6D-9A9D-B21336E717D1}"
EndProject
Project("{FAE04EC0-301F-11D3-BF4B-00C04F79EFBC}") = "PeerEyesTray", "PeerEyesTray\PeerEyesTray.csproj", "{5843F157-E06A-43F1-A51C-7EFBAC14E381}"
EndProject
Global
	GlobalSection(SolutionConfigurationPlatforms) = preSolution
		Debug|Any CPU = Debug|Any CPU
		Debug|Mixed Platforms = Debug|Mixed Platforms
		Debug|x86 = Debug|x86
		Release|Any CPU = Release|Any CPU
		Release|Mixed Platforms = Release|Mixed Platforms
		Release|x86 = Release|x86
	EndGlobalSection
	GlobalSection(ProjectConfigurationPlatforms) = postSolution
		{76EAF71C-25D2-4A6D-9A9D-B21336E717D1}.Debug|Any CPU.ActiveCfg = Debug|Any CPU
		{76EAF71C-25D2-4A6D-9A9D-B21336E717D1}.Debug|Any CPU.Build.0 = Debug|Any CPU
		{76EAF71C-25D2-4A6D-9A9D-B21336E717D1}.Debug|Mixed Platforms.ActiveCfg = Debug|Any CPU
		{76EAF71C-25D2-4A6D-9A9D-B21336E717D1}.Debug|Mixed Platforms.Build.0 = Debug|Any CPU
		{76EAF71C-25D2-4A6D-9A9D-B21336E717D1}.Debug|x86.ActiveCfg = Debug|Any CPU
		{76EAF71C-25D2-4A6D-9A9D-B21336E717D1}.Release|Any CPU.ActiveCfg = Release|Any CPU
		{76EAF71C-25D2-4A6D-9A9D-B21336E717D1}.Release|Any CPU.Build.0 = Release|Any CPU
		{76EAF71C-25D2-4A6D-9A9D-B21336E717D1}.Release|Mixed Platforms.ActiveCfg = Release|Any CPU
		{76EAF71C-25D2-4A6D-9A9D-B21336E717D1}.Release|Mixed Platforms.Build.0 = Release|Any CPU
		{76EAF71C-25D2-4A6D-9A9D-B21336E717D1}.Release|x86.ActiveCfg = Release|Any CPU
		{5843F157-E06A-43F1-A51C-7EFBAC14E381}.Debug|Any CPU.ActiveCfg = Debug|x86
		{5843F157-E06A-43F1-A51C-7EFBAC14E381}.Debug|Mixed Platforms.ActiveCfg = Debug|x86
		{5843F157-E06A-43F1-A51C-7EFBAC14E381}.Debug|Mixed Platforms.Build.0 = Debug|x86
		{5843F157-E06A-43F1-A51C-7EFBAC14E381}.Debug|x86.ActiveCfg = Debug|x86
		{5843F157-E06A-43F1-A51C-7EFBAC14E381}.Debug|x86.Build.0 = Debug|x86
		{5843F157-E06A-43F1-A51C-7EFBAC14E381}.Release|Any CPU.ActiveCfg = Release|x86
		{5843F157-E06A-43F1-A51C-7EFBAC14E381}.Release|Mixed Platforms.ActiveCfg = Release|x86
		{5843F157-E06A-43F1-A51C-7EFBAC14E381}.Release|Mixed Platforms.Build.0 = Release|x86
		{5843F157-E06A-43F1-A51C-7EFBAC14E381}.Release|x86.ActiveCfg = Release|x86
		{5843F157-E06A-43F1-A51C-7EFBAC14E381}.Release|x86.Build.0 = Release|x86
	EndGlobalSection
	GlobalSection(SolutionProperties) = preSolution
		HideSolutionNode = FALSE
	EndGlobalSection
EndGlobal
